
Microsoft Visual Studio Solution File, Format Version 12.00
# Visual Studio Version 17
VisualStudioVersion = 17.8.34525.116
MinimumVisualStudioVersion = 10.0.40219.1
Project("{FAE04EC0-301F-11D3-BF4B-00C04F79EFBC}") = "CRUD Farmacia", "CRUD Farmacia\CRUD Farmacia.csproj", "{FE436A85-08C9-4095-B0C6-04E260831C94}"
EndProject
Global
	GlobalSection(SolutionConfigurationPlatforms) = preSolution
		Debug|Any CPU = Debug|Any CPU
		Release|Any CPU = Release|Any CPU
	EndGlobalSection
	GlobalSection(ProjectConfigurationPlatforms) = postSolution
		{FE436A85-08C9-4095-B0C6-04E260831C94}.Debug|Any CPU.ActiveCfg = Debug|Any CPU
		{FE436A85-08C9-4095-B0C6-04E260831C94}.Debug|Any CPU.Build.0 = Debug|Any CPU
		{FE436A85-08C9-4095-B0C6-04E260831C94}.Release|Any CPU.ActiveCfg = Release|Any CPU
		{FE436A85-08C9-4095-B0C6-04E260831C94}.Release|Any CPU.Build.0 = Release|Any CPU
	EndGlobalSection
	GlobalSection(SolutionProperties) = preSolution
		HideSolutionNode = FALSE
	EndGlobalSection
	GlobalSection(ExtensibilityGlobals) = postSolution
		SolutionGuid = {10DF26F4-50E0-4027-9607-C3656D3A4EBD}
	EndGlobalSection
EndGlobal
